
Microsoft Visual Studio Solution File, Format Version 12.00
Project("{FAE04EC0-301F-11D3-BF4B-00C04F79EFBC}") = "Incremental_Compiler", "Incremental_Compiler\Incremental_Compiler.csproj", "{8CF1826B-88EF-4E94-AF5A-8924D5C89E9C}"
EndProject
Project("{FAE04EC0-301F-11D3-BF4B-00C04F79EFBC}") = "TobereferredProject", "TobereferredProject\TobereferredProject.csproj", "{734211D3-3515-4F57-A51E-0460FA316FF1}"
EndProject
Global
	GlobalSection(SolutionConfigurationPlatforms) = preSolution
		Debug|Any CPU = Debug|Any CPU
		Release|Any CPU = Release|Any CPU
	EndGlobalSection
	GlobalSection(ProjectConfigurationPlatforms) = postSolution
		{8CF1826B-88EF-4E94-AF5A-8924D5C89E9C}.Debug|Any CPU.ActiveCfg = Debug|Any CPU
		{8CF1826B-88EF-4E94-AF5A-8924D5C89E9C}.Debug|Any CPU.Build.0 = Debug|Any CPU
		{8CF1826B-88EF-4E94-AF5A-8924D5C89E9C}.Release|Any CPU.ActiveCfg = Release|Any CPU
		{8CF1826B-88EF-4E94-AF5A-8924D5C89E9C}.Release|Any CPU.Build.0 = Release|Any CPU
		{734211D3-3515-4F57-A51E-0460FA316FF1}.Debug|Any CPU.ActiveCfg = Debug|Any CPU
		{734211D3-3515-4F57-A51E-0460FA316FF1}.Debug|Any CPU.Build.0 = Debug|Any CPU
		{734211D3-3515-4F57-A51E-0460FA316FF1}.Release|Any CPU.ActiveCfg = Release|Any CPU
		{734211D3-3515-4F57-A51E-0460FA316FF1}.Release|Any CPU.Build.0 = Release|Any CPU
	EndGlobalSection
EndGlobal
